# THIS IS AN AUTOGENERATED FILE. DO NOT EDIT THIS FILE DIRECTLY.
# yarn lockfile v1


"@tinymce/tinymce-webcomponent@^1.2.0":
  version "1.2.0"
  resolved "https://registry.yarnpkg.com/@tinymce/tinymce-webcomponent/-/tinymce-webcomponent-1.2.0.tgz#29b2932080beeab6999f71779b224177892032c9"
  integrity sha512-DWupXaVeO6lLfk+NWwGjUGGa5kRUbQQlpRt+yEGH1Q8Hoh6klyhDdMEjxzQQdZTx3gKenN9+o1WtRZBGWvNb4w==
